# This file is autogenerated, do not edit; changes may be undone by the next 'dep ensure'.


[[projects]]
  name = "github.com/davecgh/go-spew"
  packages = ["spew"]
  revision = "346938d642f2ec3594ed81d874461961cd0faa76"
  version = "v1.1.0"

[[projects]]
  name = "github.com/pmezard/go-difflib"
  packages = ["difflib"]
  revision = "792786c7400a136282c1664665ae0a8db921c6c2"
  version = "v1.0.0"

[[projects]]
  name = "github.com/stretchr/testify"
  packages = ["assert"]
  revision = "b91bfb9ebec76498946beb6af7c0230c7cc7ba6c"
  version = "v1.2.0"

[[projects]]
  branch = "single-gateway"
  name = "github.com/thingful/big-iot-gateway-test"
  packages = ["utils"]
  revision = "3f379cf4d813b4582976a9f6820da34d0bb6d29b"

[[projects]]
  name = "github.com/thingful/bigiot"
  packages = ["."]
  revision = "353920c904af7c05448f5a7291b4dc137fe4bdc5"
  version = "v0.0.2"

[[projects]]
  name = "goji.io"
  packages = [".","internal","pat","pattern"]
  revision = "0d89ff54b2c18c9c4ba530e32496aef902d3c6cd"
  version = "v2.0"

[solve-meta]
  analyzer-name = "dep"
  analyzer-version = 1
  inputs-digest = "5c3e72c8479dd778e06701b24975f54522dcfe146d15f4286d9a475d9806f0f8"
  solver-name = "gps-cdcl"
  solver-version = 1
